// !$*UTF8*$!
{
	archiveVersion = 1;
	classes = {
	};
	objectVersion = 56;
	objects = {

/* Begin PBXBuildFile section */
		BD37D71F2C58E6FD00EA8F5D /* finalProjectQuizPageApp.swift in Sources */ = {isa = PBXBuildFile; fileRef = BD37D71E2C58E6FD00EA8F5D /* finalProjectQuizPageApp.swift */; };
		BD37D7212C58E6FD00EA8F5D /* ContentView.swift in Sources */ = {isa = PBXBuildFile; fileRef = BD37D7202C58E6FD00EA8F5D /* ContentView.swift */; };
		BD37D7232C58E70000EA8F5D /* Assets.xcassets in Resources */ = {isa = PBXBuildFile; fileRef = BD37D7222C58E70000EA8F5D /* Assets.xcassets */; };
		BD37D7262C58E70000EA8F5D /* Preview Assets.xcassets in Resources */ = {isa = PBXBuildFile; fileRef = BD37D7252C58E70000EA8F5D /* Preview Assets.xcassets */; };
		BD37D7302C58E70000EA8F5D /* finalProjectQuizPageTests.swift in Sources */ = {isa = PBXBuildFile; fileRef = BD37D72F2C58E70000EA8F5D /* finalProjectQuizPageTests.swift */; };
		BD37D73A2C58E70000EA8F5D /* finalProjectQuizPageUITests.swift in Sources */ = {isa = PBXBuildFile; fileRef = BD37D7392C58E70000EA8F5D /* finalProjectQuizPageUITests.swift */; };
		BD37D73C2C58E70000EA8F5D /* finalProjectQuizPageUITestsLaunchTests.swift in Sources */ = {isa = PBXBuildFile; fileRef = BD37D73B2C58E70000EA8F5D /* finalProjectQuizPageUITestsLaunchTests.swift */; };
		BD37D7492C590E6500EA8F5D /* question2.swift in Sources */ = {isa = PBXBuildFile; fileRef = BD37D7482C590E6500EA8F5D /* question2.swift */; };
		BD37D74B2C590FC500EA8F5D /* question3.swift in Sources */ = {isa = PBXBuildFile; fileRef = BD37D74A2C590FC500EA8F5D /* question3.swift */; };
		BD37D74D2C59141500EA8F5D /* question1.swift in Sources */ = {isa = PBXBuildFile; fileRef = BD37D74C2C59141500EA8F5D /* question1.swift */; };
		BD37D74F2C591CFD00EA8F5D /* endOfQuiz.swift in Sources */ = {isa = PBXBuildFile; fileRef = BD37D74E2C591CFD00EA8F5D /* endOfQuiz.swift */; };
		BD37D7512C592F0800EA8F5D /* question4.swift in Sources */ = {isa = PBXBuildFile; fileRef = BD37D7502C592F0800EA8F5D /* question4.swift */; };
		BD37D7532C592FB800EA8F5D /* question5.swift in Sources */ = {isa = PBXBuildFile; fileRef = BD37D7522C592FB800EA8F5D /* question5.swift */; };
		BD37D79D2C5A452F00EA8F5D /* AlfaSlabOne-Regular.ttf in Resources */ = {isa = PBXBuildFile; fileRef = BD37D79C2C5A452F00EA8F5D /* AlfaSlabOne-Regular.ttf */; };
/* End PBXBuildFile section */

/* Begin PBXContainerItemProxy section */
		BD37D72C2C58E70000EA8F5D /* PBXContainerItemProxy */ = {
			isa = PBXContainerItemProxy;
			containerPortal = BD37D7132C58E6FD00EA8F5D /* Project object */;
			proxyType = 1;
			remoteGlobalIDString = BD37D71A2C58E6FD00EA8F5D;
			remoteInfo = finalProjectQuizPage;
		};
		BD37D7362C58E70000EA8F5D /* PBXContainerItemProxy */ = {
			isa = PBXContainerItemProxy;
			containerPortal = BD37D7132C58E6FD00EA8F5D /* Project object */;
			proxyType = 1;
			remoteGlobalIDString = BD37D71A2C58E6FD00EA8F5D;
			remoteInfo = finalProjectQuizPage;
		};
/* End PBXContainerItemProxy section */

/* Begin PBXFileReference section */
		BD37D71B2C58E6FD00EA8F5D /* finalProjectQuizPage.app */ = {isa = PBXFileReference; explicitFileType = wrapper.application; includeInIndex = 0; path = finalProjectQuizPage.app; sourceTree = BUILT_PRODUCTS_DIR; };
		BD37D71E2C58E6FD00EA8F5D /* finalProjectQuizPageApp.swift */ = {isa = PBXFileReference; lastKnownFileType = sourcecode.swift; path = finalProjectQuizPageApp.swift; sourceTree = "<group>"; };
		BD37D7202C58E6FD00EA8F5D /* ContentView.swift */ = {isa = PBXFileReference; lastKnownFileType = sourcecode.swift; path = ContentView.swift; sourceTree = "<group>"; };
		BD37D7222C58E70000EA8F5D /* Assets.xcassets */ = {isa = PBXFileReference; lastKnownFileType = folder.assetcatalog; path = Assets.xcassets; sourceTree = "<group>"; };
		BD37D7252C58E70000EA8F5D /* Preview Assets.xcassets */ = {isa = PBXFileReference; lastKnownFileType = folder.assetcatalog; path = "Preview Assets.xcassets"; sourceTree = "<group>"; };
		BD37D72B2C58E70000EA8F5D /* finalProjectQuizPageTests.xctest */ = {isa = PBXFileReference; explicitFileType = wrapper.cfbundle; includeInIndex = 0; path = finalProjectQuizPageTests.xctest; sourceTree = BUILT_PRODUCTS_DIR; };
		BD37D72F2C58E70000EA8F5D /* finalProjectQuizPageTests.swift */ = {isa = PBXFileReference; lastKnownFileType = sourcecode.swift; path = finalProjectQuizPageTests.swift; sourceTree = "<group>"; };
		BD37D7352C58E70000EA8F5D /* finalProjectQuizPageUITests.xctest */ = {isa = PBXFileReference; explicitFileType = wrapper.cfbundle; includeInIndex = 0; path = finalProjectQuizPageUITests.xctest; sourceTree = BUILT_PRODUCTS_DIR; };
		BD37D7392C58E70000EA8F5D /* finalProjectQuizPageUITests.swift */ = {isa = PBXFileReference; lastKnownFileType = sourcecode.swift; path = finalProjectQuizPageUITests.swift; sourceTree = "<group>"; };
		BD37D73B2C58E70000EA8F5D /* finalProjectQuizPageUITestsLaunchTests.swift */ = {isa = PBXFileReference; lastKnownFileType = sourcecode.swift; path = finalProjectQuizPageUITestsLaunchTests.swift; sourceTree = "<group>"; };
		BD37D7482C590E6500EA8F5D /* question2.swift */ = {isa = PBXFileReference; lastKnownFileType = sourcecode.swift; path = question2.swift; sourceTree = "<group>"; };
		BD37D74A2C590FC500EA8F5D /* question3.swift */ = {isa = PBXFileReference; lastKnownFileType = sourcecode.swift; path = question3.swift; sourceTree = "<group>"; };
		BD37D74C2C59141500EA8F5D /* question1.swift */ = {isa = PBXFileReference; lastKnownFileType = sourcecode.swift; path = question1.swift; sourceTree = "<group>"; };
		BD37D74E2C591CFD00EA8F5D /* endOfQuiz.swift */ = {isa = PBXFileReference; lastKnownFileType = sourcecode.swift; path = endOfQuiz.swift; sourceTree = "<group>"; };
		BD37D7502C592F0800EA8F5D /* question4.swift */ = {isa = PBXFileReference; lastKnownFileType = sourcecode.swift; path = question4.swift; sourceTree = "<group>"; };
		BD37D7522C592FB800EA8F5D /* question5.swift */ = {isa = PBXFileReference; lastKnownFileType = sourcecode.swift; path = question5.swift; sourceTree = "<group>"; };
		BD37D79B2C5A44F400EA8F5D /* Info.plist */ = {isa = PBXFileReference; lastKnownFileType = text.plist.xml; path = Info.plist; sourceTree = "<group>"; };
		BD37D79C2C5A452F00EA8F5D /* AlfaSlabOne-Regular.ttf */ = {isa = PBXFileReference; lastKnownFileType = file; path = "AlfaSlabOne-Regular.ttf"; sourceTree = "<group>"; };
/* End PBXFileReference section */

/* Begin PBXFrameworksBuildPhase section */
		BD37D7182C58E6FD00EA8F5D /* Frameworks */ = {
			isa = PBXFrameworksBuildPhase;
			buildActionMask = 2147483647;
			files = (
			);
			runOnlyForDeploymentPostprocessing = 0;
		};
		BD37D7282C58E70000EA8F5D /* Frameworks */ = {
			isa = PBXFrameworksBuildPhase;
			buildActionMask = 2147483647;
			files = (
			);
			runOnlyForDeploymentPostprocessing = 0;
		};
		BD37D7322C58E70000EA8F5D /* Frameworks */ = {
			isa = PBXFrameworksBuildPhase;
			buildActionMask = 2147483647;
			files = (
			);
			runOnlyForDeploymentPostprocessing = 0;
		};
/* End PBXFrameworksBuildPhase section */

/* Begin PBXGroup section */
		BD37D7122C58E6FD00EA8F5D = {
			isa = PBXGroup;
			children = (
				BD37D79B2C5A44F400EA8F5D /* Info.plist */,
				BD37D79E2C5A476900EA8F5D /* font */,
				BD37D71D2C58E6FD00EA8F5D /* finalProjectQuizPage */,
				BD37D72E2C58E70000EA8F5D /* finalProjectQuizPageTests */,
				BD37D7382C58E70000EA8F5D /* finalProjectQuizPageUITests */,
				BD37D71C2C58E6FD00EA8F5D /* Products */,
			);
			sourceTree = "<group>";
		};
		BD37D71C2C58E6FD00EA8F5D /* Products */ = {
			isa = PBXGroup;
			children = (
				BD37D71B2C58E6FD00EA8F5D /* finalProjectQuizPage.app */,
				BD37D72B2C58E70000EA8F5D /* finalProjectQuizPageTests.xctest */,
				BD37D7352C58E70000EA8F5D /* finalProjectQuizPageUITests.xctest */,
			);
			name = Products;
			sourceTree = "<group>";
		};
		BD37D71D2C58E6FD00EA8F5D /* finalProjectQuizPage */ = {
			isa = PBXGroup;
			children = (
				BD37D71E2C58E6FD00EA8F5D /* finalProjectQuizPageApp.swift */,
				BD37D7202C58E6FD00EA8F5D /* ContentView.swift */,
				BD37D74C2C59141500EA8F5D /* question1.swift */,
				BD37D7482C590E6500EA8F5D /* question2.swift */,
				BD37D74A2C590FC500EA8F5D /* question3.swift */,
				BD37D7502C592F0800EA8F5D /* question4.swift */,
				BD37D7522C592FB800EA8F5D /* question5.swift */,
				BD37D74E2C591CFD00EA8F5D /* endOfQuiz.swift */,
				BD37D7222C58E70000EA8F5D /* Assets.xcassets */,
				BD37D7242C58E70000EA8F5D /* Preview Content */,
			);
			path = finalProjectQuizPage;
			sourceTree = "<group>";
		};
		BD37D7242C58E70000EA8F5D /* Preview Content */ = {
			isa = PBXGroup;
			children = (
				BD37D7252C58E70000EA8F5D /* Preview Assets.xcassets */,
			);
			path = "Preview Content";
			sourceTree = "<group>";
		};
		BD37D72E2C58E70000EA8F5D /* finalProjectQuizPageTests */ = {
			isa = PBXGroup;
			children = (
				BD37D72F2C58E70000EA8F5D /* finalProjectQuizPageTests.swift */,
			);
			path = finalProjectQuizPageTests;
			sourceTree = "<group>";
		};
		BD37D7382C58E70000EA8F5D /* finalProjectQuizPageUITests */ = {
			isa = PBXGroup;
			children = (
				BD37D7392C58E70000EA8F5D /* finalProjectQuizPageUITests.swift */,
				BD37D73B2C58E70000EA8F5D /* finalProjectQuizPageUITestsLaunchTests.swift */,
			);
			path = finalProjectQuizPageUITests;
			sourceTree = "<group>";
		};
		BD37D79E2C5A476900EA8F5D /* font */ = {
			isa = PBXGroup;
			children = (
				BD37D79C2C5A452F00EA8F5D /* AlfaSlabOne-Regular.ttf */,
			);
			path = font;
			sourceTree = "<group>";
		};
/* End PBXGroup section */

/* Begin PBXNativeTarget section */
		BD37D71A2C58E6FD00EA8F5D /* finalProjectQuizPage */ = {
			isa = PBXNativeTarget;
			buildConfigurationList = BD37D73F2C58E70000EA8F5D /* Build configuration list for PBXNativeTarget "finalProjectQuizPage" */;
			buildPhases = (
				BD37D7172C58E6FD00EA8F5D /* Sources */,
				BD37D7182C58E6FD00EA8F5D /* Frameworks */,
				BD37D7192C58E6FD00EA8F5D /* Resources */,
			);
			buildRules = (
			);
			dependencies = (
			);
			name = finalProjectQuizPage;
			productName = finalProjectQuizPage;
			productReference = BD37D71B2C58E6FD00EA8F5D /* finalProjectQuizPage.app */;
			productType = "com.apple.product-type.application";
		};
		BD37D72A2C58E70000EA8F5D /* finalProjectQuizPageTests */ = {
			isa = PBXNativeTarget;
			buildConfigurationList = BD37D7422C58E70000EA8F5D /* Build configuration list for PBXNativeTarget "finalProjectQuizPageTests" */;
			buildPhases = (
				BD37D7272C58E70000EA8F5D /* Sources */,
				BD37D7282C58E70000EA8F5D /* Frameworks */,
				BD37D7292C58E70000EA8F5D /* Resources */,
			);
			buildRules = (
			);
			dependencies = (
				BD37D72D2C58E70000EA8F5D /* PBXTargetDependency */,
			);
			name = finalProjectQuizPageTests;
			productName = finalProjectQuizPageTests;
			productReference = BD37D72B2C58E70000EA8F5D /* finalProjectQuizPageTests.xctest */;
			productType = "com.apple.product-type.bundle.unit-test";
		};
		BD37D7342C58E70000EA8F5D /* finalProjectQuizPageUITests */ = {
			isa = PBXNativeTarget;
			buildConfigurationList = BD37D7452C58E70000EA8F5D /* Build configuration list for PBXNativeTarget "finalProjectQuizPageUITests" */;
			buildPhases = (
				BD37D7312C58E70000EA8F5D /* Sources */,
				BD37D7322C58E70000EA8F5D /* Frameworks */,
				BD37D7332C58E70000EA8F5D /* Resources */,
			);
			buildRules = (
			);
			dependencies = (
				BD37D7372C58E70000EA8F5D /* PBXTargetDependency */,
			);
			name = finalProjectQuizPageUITests;
			productName = finalProjectQuizPageUITests;
			productReference = BD37D7352C58E70000EA8F5D /* finalProjectQuizPageUITests.xctest */;
			productType = "com.apple.product-type.bundle.ui-testing";
		};
/* End PBXNativeTarget section */

/* Begin PBXProject section */
		BD37D7132C58E6FD00EA8F5D /* Project object */ = {
			isa = PBXProject;
			attributes = {
				BuildIndependentTargetsInParallel = 1;
				LastSwiftUpdateCheck = 1540;
				LastUpgradeCheck = 1540;
				TargetAttributes = {
					BD37D71A2C58E6FD00EA8F5D = {
						CreatedOnToolsVersion = 15.4;
					};
					BD37D72A2C58E70000EA8F5D = {
						CreatedOnToolsVersion = 15.4;
						TestTargetID = BD37D71A2C58E6FD00EA8F5D;
					};
					BD37D7342C58E70000EA8F5D = {
						CreatedOnToolsVersion = 15.4;
						TestTargetID = BD37D71A2C58E6FD00EA8F5D;
					};
				};
			};
			buildConfigurationList = BD37D7162C58E6FD00EA8F5D /* Build configuration list for PBXProject "finalProjectQuizPage" */;
			compatibilityVersion = "Xcode 14.0";
			developmentRegion = en;
			hasScannedForEncodings = 0;
			knownRegions = (
				en,
				Base,
			);
			mainGroup = BD37D7122C58E6FD00EA8F5D;
			productRefGroup = BD37D71C2C58E6FD00EA8F5D /* Products */;
			projectDirPath = "";
			projectRoot = "";
			targets = (
				BD37D71A2C58E6FD00EA8F5D /* finalProjectQuizPage */,
				BD37D72A2C58E70000EA8F5D /* finalProjectQuizPageTests */,
				BD37D7342C58E70000EA8F5D /* finalProjectQuizPageUITests */,
			);
		};
/* End PBXProject section */

/* Begin PBXResourcesBuildPhase section */
		BD37D7192C58E6FD00EA8F5D /* Resources */ = {
			isa = PBXResourcesBuildPhase;
			buildActionMask = 2147483647;
			files = (
				BD37D79D2C5A452F00EA8F5D /* AlfaSlabOne-Regular.ttf in Resources */,
				BD37D7262C58E70000EA8F5D /* Preview Assets.xcassets in Resources */,
				BD37D7232C58E70000EA8F5D /* Assets.xcassets in Resources */,
			);
			runOnlyForDeploymentPostprocessing = 0;
		};
		BD37D7292C58E70000EA8F5D /* Resources */ = {
			isa = PBXResourcesBuildPhase;
			buildActionMask = 2147483647;
			files = (
			);
			runOnlyForDeploymentPostprocessing = 0;
		};
		BD37D7332C58E70000EA8F5D /* Resources */ = {
			isa = PBXResourcesBuildPhase;
			buildActionMask = 2147483647;
			files = (
			);
			runOnlyForDeploymentPostprocessing = 0;
		};
/* End PBXResourcesBuildPhase section */

/* Begin PBXSourcesBuildPhase section */
		BD37D7172C58E6FD00EA8F5D /* Sources */ = {
			isa = PBXSourcesBuildPhase;
			buildActionMask = 2147483647;
			files = (
				BD37D7212C58E6FD00EA8F5D /* ContentView.swift in Sources */,
				BD37D74B2C590FC500EA8F5D /* question3.swift in Sources */,
				BD37D7492C590E6500EA8F5D /* question2.swift in Sources */,
				BD37D74F2C591CFD00EA8F5D /* endOfQuiz.swift in Sources */,
				BD37D71F2C58E6FD00EA8F5D /* finalProjectQuizPageApp.swift in Sources */,
				BD37D7512C592F0800EA8F5D /* question4.swift in Sources */,
				BD37D74D2C59141500EA8F5D /* question1.swift in Sources */,
				BD37D7532C592FB800EA8F5D /* question5.swift in Sources */,
			);
			runOnlyForDeploymentPostprocessing = 0;
		};
		BD37D7272C58E70000EA8F5D /* Sources */ = {
			isa = PBXSourcesBuildPhase;
			buildActionMask = 2147483647;
			files = (
				BD37D7302C58E70000EA8F5D /* finalProjectQuizPageTests.swift in Sources */,
			);
			runOnlyForDeploymentPostprocessing = 0;
		};
		BD37D7312C58E70000EA8F5D /* Sources */ = {
			isa = PBXSourcesBuildPhase;
			buildActionMask = 2147483647;
			files = (
				BD37D73A2C58E70000EA8F5D /* finalProjectQuizPageUITests.swift in Sources */,
				BD37D73C2C58E70000EA8F5D /* finalProjectQuizPageUITestsLaunchTests.swift in Sources */,
			);
			runOnlyForDeploymentPostprocessing = 0;
		};
/* End PBXSourcesBuildPhase section */

/* Begin PBXTargetDependency section */
		BD37D72D2C58E70000EA8F5D /* PBXTargetDependency */ = {
			isa = PBXTargetDependency;
			target = BD37D71A2C58E6FD00EA8F5D /* finalProjectQuizPage */;
			targetProxy = BD37D72C2C58E70000EA8F5D /* PBXContainerItemProxy */;
		};
		BD37D7372C58E70000EA8F5D /* PBXTargetDependency */ = {
			isa = PBXTargetDependency;
			target = BD37D71A2C58E6FD00EA8F5D /* finalProjectQuizPage */;
			targetProxy = BD37D7362C58E70000EA8F5D /* PBXContainerItemProxy */;
		};
/* End PBXTargetDependency section */

/* Begin XCBuildConfiguration section */
		BD37D73D2C58E70000EA8F5D /* Debug */ = {
			isa = XCBuildConfiguration;
			buildSettings = {
				ALWAYS_SEARCH_USER_PATHS = NO;
				ASSETCATALOG_COMPILER_GENERATE_SWIFT_ASSET_SYMBOL_EXTENSIONS = YES;
				CLANG_ANALYZER_NONNULL = YES;
				CLANG_ANALYZER_NUMBER_OBJECT_CONVERSION = YES_AGGRESSIVE;
				CLANG_CXX_LANGUAGE_STANDARD = "gnu++20";
				CLANG_ENABLE_MODULES = YES;
				CLANG_ENABLE_OBJC_ARC = YES;
				CLANG_ENABLE_OBJC_WEAK = YES;
				CLANG_WARN_BLOCK_CAPTURE_AUTORELEASING = YES;
				CLANG_WARN_BOOL_CONVERSION = YES;
				CLANG_WARN_COMMA = YES;
				CLANG_WARN_CONSTANT_CONVERSION = YES;
				CLANG_WARN_DEPRECATED_OBJC_IMPLEMENTATIONS = YES;
				CLANG_WARN_DIRECT_OBJC_ISA_USAGE = YES_ERROR;
				CLANG_WARN_DOCUMENTATION_COMMENTS = YES;
				CLANG_WARN_EMPTY_BODY = YES;
				CLANG_WARN_ENUM_CONVERSION = YES;
				CLANG_WARN_INFINITE_RECURSION = YES;
				CLANG_WARN_INT_CONVERSION = YES;
				CLANG_WARN_NON_LITERAL_NULL_CONVERSION = YES;
				CLANG_WARN_OBJC_IMPLICIT_RETAIN_SELF = YES;
				CLANG_WARN_OBJC_LITERAL_CONVERSION = YES;
				CLANG_WARN_OBJC_ROOT_CLASS = YES_ERROR;
				CLANG_WARN_QUOTED_INCLUDE_IN_FRAMEWORK_HEADER = YES;
				CLANG_WARN_RANGE_LOOP_ANALYSIS = YES;
				CLANG_WARN_STRICT_PROTOTYPES = YES;
				CLANG_WARN_SUSPICIOUS_MOVE = YES;
				CLANG_WARN_UNGUARDED_AVAILABILITY = YES_AGGRESSIVE;
				CLANG_WARN_UNREACHABLE_CODE = YES;
				CLANG_WARN__DUPLICATE_METHOD_MATCH = YES;
				COPY_PHASE_STRIP = NO;
				DEBUG_INFORMATION_FORMAT = dwarf;
				ENABLE_STRICT_OBJC_MSGSEND = YES;
				ENABLE_TESTABILITY = YES;
				ENABLE_USER_SCRIPT_SANDBOXING = YES;
				GCC_C_LANGUAGE_STANDARD = gnu17;
				GCC_DYNAMIC_NO_PIC = NO;
				GCC_NO_COMMON_BLOCKS = YES;
				GCC_OPTIMIZATION_LEVEL = 0;
				GCC_PREPROCESSOR_DEFINITIONS = (
					"DEBUG=1",
					"$(inherited)",
				);
				GCC_WARN_64_TO_32_BIT_CONVERSION = YES;
				GCC_WARN_ABOUT_RETURN_TYPE = YES_ERROR;
				GCC_WARN_UNDECLARED_SELECTOR = YES;
				GCC_WARN_UNINITIALIZED_AUTOS = YES_AGGRESSIVE;
				GCC_WARN_UNUSED_FUNCTION = YES;
				GCC_WARN_UNUSED_VARIABLE = YES;
				IPHONEOS_DEPLOYMENT_TARGET = 17.5;
				LOCALIZATION_PREFERS_STRING_CATALOGS = YES;
				MTL_ENABLE_DEBUG_INFO = INCLUDE_SOURCE;
				MTL_FAST_MATH = YES;
				ONLY_ACTIVE_ARCH = YES;
				SDKROOT = iphoneos;
				SWIFT_ACTIVE_COMPILATION_CONDITIONS = "DEBUG $(inherited)";
				SWIFT_OPTIMIZATION_LEVEL = "-Onone";
			};
			name = Debug;
		};
		BD37D73E2C58E70000EA8F5D /* Release */ = {
			isa = XCBuildConfiguration;
			buildSettings = {
				ALWAYS_SEARCH_USER_PATHS = NO;
				ASSETCATALOG_COMPILER_GENERATE_SWIFT_ASSET_SYMBOL_EXTENSIONS = YES;
				CLANG_ANALYZER_NONNULL = YES;
				CLANG_ANALYZER_NUMBER_OBJECT_CONVERSION = YES_AGGRESSIVE;
				CLANG_CXX_LANGUAGE_STANDARD = "gnu++20";
				CLANG_ENABLE_MODULES = YES;
				CLANG_ENABLE_OBJC_ARC = YES;
				CLANG_ENABLE_OBJC_WEAK = YES;
				CLANG_WARN_BLOCK_CAPTURE_AUTORELEASING = YES;
				CLANG_WARN_BOOL_CONVERSION = YES;
				CLANG_WARN_COMMA = YES;
				CLANG_WARN_CONSTANT_CONVERSION = YES;
				CLANG_WARN_DEPRECATED_OBJC_IMPLEMENTATIONS = YES;
				CLANG_WARN_DIRECT_OBJC_ISA_USAGE = YES_ERROR;
				CLANG_WARN_DOCUMENTATION_COMMENTS = YES;
				CLANG_WARN_EMPTY_BODY = YES;
				CLANG_WARN_ENUM_CONVERSION = YES;
				CLANG_WARN_INFINITE_RECURSION = YES;
				CLANG_WARN_INT_CONVERSION = YES;
				CLANG_WARN_NON_LITERAL_NULL_CONVERSION = YES;
				CLANG_WARN_OBJC_IMPLICIT_RETAIN_SELF = YES;
				CLANG_WARN_OBJC_LITERAL_CONVERSION = YES;
				CLANG_WARN_OBJC_ROOT_CLASS = YES_ERROR;
				CLANG_WARN_QUOTED_INCLUDE_IN_FRAMEWORK_HEADER = YES;
				CLANG_WARN_RANGE_LOOP_ANALYSIS = YES;
				CLANG_WARN_STRICT_PROTOTYPES = YES;
				CLANG_WARN_SUSPICIOUS_MOVE = YES;
				CLANG_WARN_UNGUARDED_AVAILABILITY = YES_AGGRESSIVE;
				CLANG_WARN_UNREACHABLE_CODE = YES;
				CLANG_WARN__DUPLICATE_METHOD_MATCH = YES;
				COPY_PHASE_STRIP = NO;
				DEBUG_INFORMATION_FORMAT = "dwarf-with-dsym";
				ENABLE_NS_ASSERTIONS = NO;
				ENABLE_STRICT_OBJC_MSGSEND = YES;
				ENABLE_USER_SCRIPT_SANDBOXING = YES;
				GCC_C_LANGUAGE_STANDARD = gnu17;
				GCC_NO_COMMON_BLOCKS = YES;
				GCC_WARN_64_TO_32_BIT_CONVERSION = YES;
				GCC_WARN_ABOUT_RETURN_TYPE = YES_ERROR;
				GCC_WARN_UNDECLARED_SELECTOR = YES;
				GCC_WARN_UNINITIALIZED_AUTOS = YES_AGGRESSIVE;
				GCC_WARN_UNUSED_FUNCTION = YES;
				GCC_WARN_UNUSED_VARIABLE = YES;
				IPHONEOS_DEPLOYMENT_TARGET = 17.5;
				LOCALIZATION_PREFERS_STRING_CATALOGS = YES;
				MTL_ENABLE_DEBUG_INFO = NO;
				MTL_FAST_MATH = YES;
				SDKROOT = iphoneos;
				SWIFT_COMPILATION_MODE = wholemodule;
				VALIDATE_PRODUCT = YES;
			};
			name = Release;
		};
		BD37D7402C58E70000EA8F5D /* Debug */ = {
			isa = XCBuildConfiguration;
			buildSettings = {
				ASSETCATALOG_COMPILER_APPICON_NAME = AppIcon;
				ASSETCATALOG_COMPILER_GLOBAL_ACCENT_COLOR_NAME = AccentColor;
				CODE_SIGN_STYLE = Automatic;
				CURRENT_PROJECT_VERSION = 1;
				DEVELOPMENT_ASSET_PATHS = "\"finalProjectQuizPage/Preview Content\"";
				ENABLE_PREVIEWS = YES;
				GENERATE_INFOPLIST_FILE = YES;
				INFOPLIST_FILE = finalProjectQuizPage/Info.plist;
				INFOPLIST_KEY_UIApplicationSceneManifest_Generation = YES;
				INFOPLIST_KEY_UIApplicationSupportsIndirectInputEvents = YES;
				INFOPLIST_KEY_UILaunchScreen_Generation = YES;
				INFOPLIST_KEY_UISupportedInterfaceOrientations_iPad = "UIInterfaceOrientationPortrait UIInterfaceOrientationPortraitUpsideDown UIInterfaceOrientationLandscapeLeft UIInterfaceOrientationLandscapeRight";
				INFOPLIST_KEY_UISupportedInterfaceOrientations_iPhone = "UIInterfaceOrientationPortrait UIInterfaceOrientationLandscapeLeft UIInterfaceOrientationLandscapeRight";
				LD_RUNPATH_SEARCH_PATHS = (
					"$(inherited)",
					"@executable_path/Frameworks",
				);
				MARKETING_VERSION = 1.0;
				PRODUCT_BUNDLE_IDENTIFIER = kwk.finalProjectQuizPage;
				PRODUCT_NAME = "$(TARGET_NAME)";
				SWIFT_EMIT_LOC_STRINGS = YES;
				SWIFT_VERSION = 5.0;
				TARGETED_DEVICE_FAMILY = "1,2";
			};
			name = Debug;
		};
		BD37D7412C58E70000EA8F5D /* Release */ = {
			isa = XCBuildConfiguration;
			buildSettings = {
				ASSETCATALOG_COMPILER_APPICON_NAME = AppIcon;
				ASSETCATALOG_COMPILER_GLOBAL_ACCENT_COLOR_NAME = AccentColor;
				CODE_SIGN_STYLE = Automatic;
				CURRENT_PROJECT_VERSION = 1;
				DEVELOPMENT_ASSET_PATHS = "\"finalProjectQuizPage/Preview Content\"";
				ENABLE_PREVIEWS = YES;
				GENERATE_INFOPLIST_FILE = YES;
				INFOPLIST_FILE = finalProjectQuizPage/Info.plist;
				INFOPLIST_KEY_UIApplicationSceneManifest_Generation = YES;
				INFOPLIST_KEY_UIApplicationSupportsIndirectInputEvents = YES;
				INFOPLIST_KEY_UILaunchScreen_Generation = YES;
				INFOPLIST_KEY_UISupportedInterfaceOrientations_iPad = "UIInterfaceOrientationPortrait UIInterfaceOrientationPortraitUpsideDown UIInterfaceOrientationLandscapeLeft UIInterfaceOrientationLandscapeRight";
				INFOPLIST_KEY_UISupportedInterfaceOrientations_iPhone = "UIInterfaceOrientationPortrait UIInterfaceOrientationLandscapeLeft UIInterfaceOrientationLandscapeRight";
				LD_RUNPATH_SEARCH_PATHS = (
					"$(inherited)",
					"@executable_path/Frameworks",
				);
				MARKETING_VERSION = 1.0;
				PRODUCT_BUNDLE_IDENTIFIER = kwk.finalProjectQuizPage;
				PRODUCT_NAME = "$(TARGET_NAME)";
				SWIFT_EMIT_LOC_STRINGS = YES;
				SWIFT_VERSION = 5.0;
				TARGETED_DEVICE_FAMILY = "1,2";
			};
			name = Release;
		};
		BD37D7432C58E70000EA8F5D /* Debug */ = {
			isa = XCBuildConfiguration;
			buildSettings = {
				ALWAYS_EMBED_SWIFT_STANDARD_LIBRARIES = YES;
				BUNDLE_LOADER = "$(TEST_HOST)";
				CODE_SIGN_STYLE = Automatic;
				CURRENT_PROJECT_VERSION = 1;
				GENERATE_INFOPLIST_FILE = YES;
				IPHONEOS_DEPLOYMENT_TARGET = 17.5;
				MARKETING_VERSION = 1.0;
				PRODUCT_BUNDLE_IDENTIFIER = kwk.finalProjectQuizPageTests;
				PRODUCT_NAME = "$(TARGET_NAME)";
				SWIFT_EMIT_LOC_STRINGS = NO;
				SWIFT_VERSION = 5.0;
				TARGETED_DEVICE_FAMILY = "1,2";
				TEST_HOST = "$(BUILT_PRODUCTS_DIR)/finalProjectQuizPage.app/$(BUNDLE_EXECUTABLE_FOLDER_PATH)/finalProjectQuizPage";
			};
			name = Debug;
		};
		BD37D7442C58E70000EA8F5D /* Release */ = {
			isa = XCBuildConfiguration;
			buildSettings = {
				ALWAYS_EMBED_SWIFT_STANDARD_LIBRARIES = YES;
				BUNDLE_LOADER = "$(TEST_HOST)";
				CODE_SIGN_STYLE = Automatic;
				CURRENT_PROJECT_VERSION = 1;
				GENERATE_INFOPLIST_FILE = YES;
				IPHONEOS_DEPLOYMENT_TARGET = 17.5;
				MARKETING_VERSION = 1.0;
				PRODUCT_BUNDLE_IDENTIFIER = kwk.finalProjectQuizPageTests;
				PRODUCT_NAME = "$(TARGET_NAME)";
				SWIFT_EMIT_LOC_STRINGS = NO;
				SWIFT_VERSION = 5.0;
				TARGETED_DEVICE_FAMILY = "1,2";
				TEST_HOST = "$(BUILT_PRODUCTS_DIR)/finalProjectQuizPage.app/$(BUNDLE_EXECUTABLE_FOLDER_PATH)/finalProjectQuizPage";
			};
			name = Release;
		};
		BD37D7462C58E70000EA8F5D /* Debug */ = {
			isa = XCBuildConfiguration;
			buildSettings = {
				ALWAYS_EMBED_SWIFT_STANDARD_LIBRARIES = YES;
				CODE_SIGN_STYLE = Automatic;
				CURRENT_PROJECT_VERSION = 1;
				GENERATE_INFOPLIST_FILE = YES;
				MARKETING_VERSION = 1.0;
				PRODUCT_BUNDLE_IDENTIFIER = kwk.finalProjectQuizPageUITests;
				PRODUCT_NAME = "$(TARGET_NAME)";
				SWIFT_EMIT_LOC_STRINGS = NO;
				SWIFT_VERSION = 5.0;
				TARGETED_DEVICE_FAMILY = "1,2";
				TEST_TARGET_NAME = finalProjectQuizPage;
			};
			name = Debug;
		};
		BD37D7472C58E70000EA8F5D /* Release */ = {
			isa = XCBuildConfiguration;
			buildSettings = {
				ALWAYS_EMBED_SWIFT_STANDARD_LIBRARIES = YES;
				CODE_SIGN_STYLE = Automatic;
				CURRENT_PROJECT_VERSION = 1;
				GENERATE_INFOPLIST_FILE = YES;
				MARKETING_VERSION = 1.0;
				PRODUCT_BUNDLE_IDENTIFIER = kwk.finalProjectQuizPageUITests;
				PRODUCT_NAME = "$(TARGET_NAME)";
				SWIFT_EMIT_LOC_STRINGS = NO;
				SWIFT_VERSION = 5.0;
				TARGETED_DEVICE_FAMILY = "1,2";
				TEST_TARGET_NAME = finalProjectQuizPage;
			};
			name = Release;
		};
/* End XCBuildConfiguration section */

/* Begin XCConfigurationList section */
		BD37D7162C58E6FD00EA8F5D /* Build configuration list for PBXProject "finalProjectQuizPage" */ = {
			isa = XCConfigurationList;
			buildConfigurations = (
				BD37D73D2C58E70000EA8F5D /* Debug */,
				BD37D73E2C58E70000EA8F5D /* Release */,
			);
			defaultConfigurationIsVisible = 0;
			defaultConfigurationName = Release;
		};
		BD37D73F2C58E70000EA8F5D /* Build configuration list for PBXNativeTarget "finalProjectQuizPage" */ = {
			isa = XCConfigurationList;
			buildConfigurations = (
				BD37D7402C58E70000EA8F5D /* Debug */,
				BD37D7412C58E70000EA8F5D /* Release */,
			);
			defaultConfigurationIsVisible = 0;
			defaultConfigurationName = Release;
		};
		BD37D7422C58E70000EA8F5D /* Build configuration list for PBXNativeTarget "finalProjectQuizPageTests" */ = {
			isa = XCConfigurationList;
			buildConfigurations = (
				BD37D7432C58E70000EA8F5D /* Debug */,
				BD37D7442C58E70000EA8F5D /* Release */,
			);
			defaultConfigurationIsVisible = 0;
			defaultConfigurationName = Release;
		};
		BD37D7452C58E70000EA8F5D /* Build configuration list for PBXNativeTarget "finalProjectQuizPageUITests" */ = {
			isa = XCConfigurationList;
			buildConfigurations = (
				BD37D7462C58E70000EA8F5D /* Debug */,
				BD37D7472C58E70000EA8F5D /* Release */,
			);
			defaultConfigurationIsVisible = 0;
			defaultConfigurationName = Release;
		};
/* End XCConfigurationList section */
	};
	rootObject = BD37D7132C58E6FD00EA8F5D /* Project object */;
}
